version = 1
revision = 3
requires-python = ">=3.14"

[[package]]
name = "hypothesis"
version = "6.147.0"
source = { registry = "https://pypi.org/simple" }
dependencies = [
    { name = "sortedcontainers" },
]
sdist = { url = "https://files.pythonhosted.org/packages/f3/53/e19fe74671fd60db86344a4623c818fac58b813cc3efbb7ea3b3074dcb71/hypothesis-6.147.0.tar.gz", hash = "sha256:72e6004ea3bd1460bdb4640b6389df23b87ba7a4851893fd84d1375635d3e507", size = 468587, upload-time = "2025-11-06T20:27:29.682Z" }
wheels = [
    { url = "https://files.pythonhosted.org/packages/b2/1b/932eddc3d55c4ed6c585006cffe6c6a133b5e1797d873de0bcf5208e4fed/hypothesis-6.147.0-py3-none-any.whl", hash = "sha256:de588807b6da33550d32f47bcd42b1a86d061df85673aa73e6443680249d185e", size = 535595, upload-time = "2025-11-06T20:27:23.536Z" },
]

[[package]]
name = "p0"
version = "0.1.0"
source = { virtual = "." }

[package.dev-dependencies]
dev = [
    { name = "hypothesis" },
]

[package.metadata]

[package.metadata.requires-dev]
dev = [{ name = "hypothesis", specifier = ">=6.0" }]

[[package]]
name = "sortedcontainers"
version = "2.4.0"
source = { registry = "https://pypi.org/simple" }
sdist = { url = "https://files.pythonhosted.org/packages/e8/c4/ba2f8066cceb6f23394729afe52f3bf7adec04bf9ed2c820b39e19299111/sortedcontainers-2.4.0.tar.gz", hash = "sha256:25caa5a06cc30b6b83d11423433f65d1f9d76c4c6a0c90e3379eaa43b9bfdb88", size = 30594, upload-time = "2021-05-16T22:03:42.897Z" }
wheels = [
    { url = "https://files.pythonhosted.org/packages/32/46/9cb0e58b2deb7f82b84065f37f3bffeb12413f947f9388e4cac22c4621ce/sortedcontainers-2.4.0-py2.py3-none-any.whl", hash = "sha256:a163dcaede0f1c021485e957a39245190e74249897e2ae4b2aa38595db237ee0", size = 29575, upload-time = "2021-05-16T22:03:41.177Z" },
]
